
Microsoft Visual Studio Solution File, Format Version 12.00
# Visual Studio Version 16
VisualStudioVersion = 16.0.31729.503
MinimumVisualStudioVersion = 10.0.40219.1
Project("{FAE04EC0-301F-11D3-BF4B-00C04F79EFBC}") = "CarParking.Service", "CarParking.Service\CarParking.Service.csproj", "{FCEA33EF-3481-4810-9856-D24403A0A643}"
EndProject
Project("{FAE04EC0-301F-11D3-BF4B-00C04F79EFBC}") = "CarParking.Dto", "CarParking.Dto\CarParking.Dto.csproj", "{D1AE2B00-5CFC-480A-8A9F-094699CAFC9B}"
EndProject
Project("{FAE04EC0-301F-11D3-BF4B-00C04F79EFBC}") = "CarParking.Data", "CarParking.Data\CarParking.Data.csproj", "{59FF3B8B-70EA-4FE0-A1DE-906FCE1E503C}"
EndProject
Project("{FAE04EC0-301F-11D3-BF4B-00C04F79EFBC}") = "CarParking.Controller", "CarParking.Controller\CarParking.Controller.csproj", "{C35CA948-42C7-4FB3-9A76-ABD69AA63D22}"
EndProject
Global
	GlobalSection(SolutionConfigurationPlatforms) = preSolution
		Debug|Any CPU = Debug|Any CPU
		Release|Any CPU = Release|Any CPU
	EndGlobalSection
	GlobalSection(ProjectConfigurationPlatforms) = postSolution
		{FCEA33EF-3481-4810-9856-D24403A0A643}.Debug|Any CPU.ActiveCfg = Debug|Any CPU
		{FCEA33EF-3481-4810-9856-D24403A0A643}.Debug|Any CPU.Build.0 = Debug|Any CPU
		{FCEA33EF-3481-4810-9856-D24403A0A643}.Release|Any CPU.ActiveCfg = Release|Any CPU
		{FCEA33EF-3481-4810-9856-D24403A0A643}.Release|Any CPU.Build.0 = Release|Any CPU
		{D1AE2B00-5CFC-480A-8A9F-094699CAFC9B}.Debug|Any CPU.ActiveCfg = Debug|Any CPU
		{D1AE2B00-5CFC-480A-8A9F-094699CAFC9B}.Debug|Any CPU.Build.0 = Debug|Any CPU
		{D1AE2B00-5CFC-480A-8A9F-094699CAFC9B}.Release|Any CPU.ActiveCfg = Release|Any CPU
		{D1AE2B00-5CFC-480A-8A9F-094699CAFC9B}.Release|Any CPU.Build.0 = Release|Any CPU
		{59FF3B8B-70EA-4FE0-A1DE-906FCE1E503C}.Debug|Any CPU.ActiveCfg = Debug|Any CPU
		{59FF3B8B-70EA-4FE0-A1DE-906FCE1E503C}.Debug|Any CPU.Build.0 = Debug|Any CPU
		{59FF3B8B-70EA-4FE0-A1DE-906FCE1E503C}.Release|Any CPU.ActiveCfg = Release|Any CPU
		{59FF3B8B-70EA-4FE0-A1DE-906FCE1E503C}.Release|Any CPU.Build.0 = Release|Any CPU
		{C35CA948-42C7-4FB3-9A76-ABD69AA63D22}.Debug|Any CPU.ActiveCfg = Debug|Any CPU
		{C35CA948-42C7-4FB3-9A76-ABD69AA63D22}.Debug|Any CPU.Build.0 = Debug|Any CPU
		{C35CA948-42C7-4FB3-9A76-ABD69AA63D22}.Release|Any CPU.ActiveCfg = Release|Any CPU
		{C35CA948-42C7-4FB3-9A76-ABD69AA63D22}.Release|Any CPU.Build.0 = Release|Any CPU
	EndGlobalSection
	GlobalSection(SolutionProperties) = preSolution
		HideSolutionNode = FALSE
	EndGlobalSection
	GlobalSection(ExtensibilityGlobals) = postSolution
		SolutionGuid = {48D218AD-E1FA-47D1-85A6-1B4D39F58D14}
	EndGlobalSection
EndGlobal
